{
  "name": "hmi",
  "version": "1.0.0",
  "lockfileVersion": 2,
  "requires": true,
  "packages": {
    "": {
      "name": "hmi",
      "version": "1.0.0",
      "license": "ISC",
      "dependencies": {
        "@loupeteam/tmplit-basic": "^0.0.1",
        "@loupeteam/tmplits": "^0.0.9"
      }
    },
    "node_modules/@loupeteam/tmplit-basic": {
      "version": "0.0.1",
      "resolved": "https://npm.pkg.github.com/download/@loupeteam/tmplit-basic/0.0.1/30723d397382ed9d0892524ebd5ad51a558240e4",
      "integrity": "sha512-PU7EMVAVyU85b4sB2gwdq1Pcg/0xjF3RzLv1zB2Yw6d8qtRgyAOPENWcZJv7jN4nkXnf1SPvUdFPS//F+XOBMQ==",
      "license": "ISC",
      "dependencies": {
        "@loupeteam/tmplits": "*",
        "@loupeteam/tmplits-button": "*",
        "@loupeteam/tmplits-checkbox": "*",
        "@loupeteam/tmplits-columns": "*",
        "@loupeteam/tmplits-directorybrowser": "*",
        "@loupeteam/tmplits-directorybrowserwindow": "*",
        "@loupeteam/tmplits-dropdowntable": "*",
        "@loupeteam/tmplits-globalclasses": "*",
        "@loupeteam/tmplits-led": "*",
        "@loupeteam/tmplits-multiselect": "*",
        "@loupeteam/tmplits-numeric": "*",
        "@loupeteam/tmplits-pageselect": "*",
        "@loupeteam/tmplits-slider": "*",
        "@loupeteam/tmplits-tableselect": "*",
        "@loupeteam/tmplits-text": "*",
        "@loupeteam/tmplits-utilities": "*",
        "@loupeteam/tmplits-valueupdown": "*"
      }
    },
    "node_modules/@loupeteam/tmplits": {
      "version": "0.0.9",
      "resolved": "https://npm.pkg.github.com/download/@loupeteam/tmplits/0.0.9/1fe3ff80630ebb3223b646edec3f56efe9974493",
      "integrity": "sha512-mpSUzfNHbcggyp6xJ3oaW0alxlnFV2LN0gGVwRlB1lO4cRmLDc+xnKnv+6Os+8Hqag1AcQsrvpBpUvtZMvXoig==",
      "license": "SEE LICENSE IN LICENSE.txt",
      "dependencies": {
        "handlebars": "*",
        "jquery": "*"
      }
    },
    "node_modules/@loupeteam/tmplits-button": {
      "version": "0.0.3",
      "resolved": "https://npm.pkg.github.com/download/@loupeteam/tmplits-button/0.0.3/e3c543b70b743fe6afc3aa9e3467465eaeccc648",
      "integrity": "sha512-3xENYXYT4WAnUwR2hcgdWDaKQowM77cGN+ar/scwBlqhNHMr/z+dGFDlH2yyWF8VX7A/amSm3OKrDQ7wJAciww==",
      "license": "ISC",
      "dependencies": {
        "@loupeteam/tmplits-globalclasses": "*",
        "@loupeteam/tmplits-utilities": "*"
      }
    },
    "node_modules/@loupeteam/tmplits-checkbox": {
      "version": "0.0.3",
      "resolved": "https://npm.pkg.github.com/download/@loupeteam/tmplits-checkbox/0.0.3/9f6220b7e367599e61f19ecd829be88302538ea4",
      "integrity": "sha512-Sv9LMXMFQL3qlIjf9UoCDjlX/ogY4R96tiD3pVbf8f4BYWB+bXkUGmw42I+HaQAlIeVGLW9gn7wMPeVHi/O7/A==",
      "license": "ISC",
      "dependencies": {
        "@loupeteam/tmplits-globalclasses": "*",
        "@loupeteam/tmplits-utilities": "*"
      }
    },
    "node_modules/@loupeteam/tmplits-columns": {
      "version": "0.0.4",
      "resolved": "https://npm.pkg.github.com/download/@loupeteam/tmplits-columns/0.0.4/f1cc990d980d17eb785c9ab64a50c08369a4204b",
      "integrity": "sha512-VpWKiXyChXRMdhKaJLTG/viK8yPlZfpa2kvzOQMeHmGhomQor8blpS0SB7aGhwflNV1pQQ+cXhXB8szwbEw05A==",
      "license": "ISC",
      "dependencies": {
        "@loupeteam/tmplits-globalclasses": "*",
        "@loupeteam/tmplits-utilities": "*"
      }
    },
    "node_modules/@loupeteam/tmplits-directorybrowser": {
      "version": "0.0.3",
      "resolved": "https://npm.pkg.github.com/download/@loupeteam/tmplits-directorybrowser/0.0.3/c1b32d152ff43b7b94cdca0227c703d881e409fe",
      "integrity": "sha512-i7wb658/3yWjTAXj65VwbE820YsepbZ8qznrvmx5wfNG5oV6v5/ywcBcpKONoRt8CuI+ORHjB/MhQMs7iFUiDA==",
      "license": "ISC",
      "dependencies": {
        "@loupeteam/tmplits-globalclasses": "*",
        "@loupeteam/tmplits-utilities": "*"
      }
    },
    "node_modules/@loupeteam/tmplits-directorybrowserwindow": {
      "version": "0.0.3",
      "resolved": "https://npm.pkg.github.com/download/@loupeteam/tmplits-directorybrowserwindow/0.0.3/b3a203ebdb2331e31a59e58a253d110d95eb51aa",
      "integrity": "sha512-NwCBIC0z0OJRlXCm5vNK56klh2WcfrgKZwTcHhmS0GFssHnRhXI/09ct40EtwjgGvk1ajwK2WACG8tU+76mKoQ==",
      "license": "ISC",
      "dependencies": {
        "@loupeteam/tmplits-globalclasses": "*",
        "@loupeteam/tmplits-utilities": "*"
      }
    },
    "node_modules/@loupeteam/tmplits-dropdowntable": {
      "version": "0.0.3",
      "resolved": "https://npm.pkg.github.com/download/@loupeteam/tmplits-dropdowntable/0.0.3/bbb729491625e9d06af2282ad3fb2f73bfb763fd",
      "integrity": "sha512-8UQbwXCSZFmlZIXYzPeuImQbwgww8kjTAq2iQZg2ehwwuyc2xY9r1XDU8D7b2M7oBGw7LYYWwa9BHQvDD9HpFw==",
      "license": "ISC",
      "dependencies": {
        "@loupeteam/tmplits-globalclasses": "*",
        "@loupeteam/tmplits-utilities": "*"
      }
    },
    "node_modules/@loupeteam/tmplits-globalclasses": {
      "version": "0.0.4",
      "resolved": "https://npm.pkg.github.com/download/@loupeteam/tmplits-globalclasses/0.0.4/34fbe2c00d386208664c2a2e529a1bb8bbca0876",
      "integrity": "sha512-+q6ctqMgSAj54hpfzHRLIPtt10XkYhne5P5j/IYBvMsyW2Z5x67WXqaETF316B9ucTq1j7o2Wab48kGTXzIZNA==",
      "license": "ISC"
    },
    "node_modules/@loupeteam/tmplits-led": {
      "version": "0.0.2",
      "resolved": "https://npm.pkg.github.com/download/@loupeteam/tmplits-led/0.0.2/1b3051b44dd9dd32e54db652256dbf72e00ca897",
      "integrity": "sha512-rjEX8rNCwdHqqAVnfKNi7EkczoeJMrPS+2XnW05lNt5hWVg/6Pl3fm90fXaGGOdbx/qDUAlrCm8J0Cy7OwjozQ==",
      "license": "ISC",
      "dependencies": {
        "@loupeteam/tmplits-globalclasses": "*",
        "@loupeteam/tmplits-utilities": "*"
      }
    },
    "node_modules/@loupeteam/tmplits-multiselect": {
      "version": "0.0.2",
      "resolved": "https://npm.pkg.github.com/download/@loupeteam/tmplits-multiselect/0.0.2/8c51e462b6866b5133d5ebd037054d7926155425",
      "integrity": "sha512-BNYHRIhsM4RXevRnd+rfxIG2337myRwyXJNPx1UFaZR6ukUoZQm9+8/3u9TJ/2zeIjS8CI/n6zNYGEcl4gvqCA==",
      "license": "ISC",
      "dependencies": {
        "@loupeteam/tmplits-globalclasses": "*",
        "@loupeteam/tmplits-utilities": "*"
      }
    },
    "node_modules/@loupeteam/tmplits-numeric": {
      "version": "0.0.4",
      "resolved": "https://npm.pkg.github.com/download/@loupeteam/tmplits-numeric/0.0.4/4d58d0b2ed73d62db3e39b1233848b36226f132d",
      "integrity": "sha512-ZnfnINf7ZxI7ggWQc3TUTb04nAiHd0z0NerDiIf+mL6Xvs5yAXEiU94L9oXRALXusado3gM+lZbojAS50fkE4w==",
      "license": "ISC",
      "dependencies": {
        "@loupeteam/tmplits-globalclasses": "*",
        "@loupeteam/tmplits-utilities": "*"
      }
    },
    "node_modules/@loupeteam/tmplits-pageselect": {
      "version": "0.0.3",
      "resolved": "https://npm.pkg.github.com/download/@loupeteam/tmplits-pageselect/0.0.3/e3ba8a6ab5948f8b77be8d9fca7be0da616af928",
      "integrity": "sha512-feJwbcc3FUGN9JKJ5MJwVlMZeQXGqwTE57C8Qlq5Wj/Ti5TAqisZI/zbP6+AWpThHESPY+F+KGgjqUOD84PRBw==",
      "license": "ISC",
      "dependencies": {
        "@loupeteam/tmplits-globalclasses": "*",
        "@loupeteam/tmplits-utilities": "*"
      }
    },
    "node_modules/@loupeteam/tmplits-slider": {
      "version": "0.0.2",
      "resolved": "https://npm.pkg.github.com/download/@loupeteam/tmplits-slider/0.0.2/d0b465780f3f43894d49e9e2cd24468fc09177c4",
      "integrity": "sha512-r8HJE101NAI3VQZgAv60D6Rato5VqIizeULo/p+0czMCTT69mpA3Dj45SyHz84orQqKUMBQfm3IJt8B+sg3s8A==",
      "license": "ISC",
      "dependencies": {
        "@loupeteam/tmplits-globalclasses": "*",
        "@loupeteam/tmplits-utilities": "*"
      }
    },
    "node_modules/@loupeteam/tmplits-tableselect": {
      "version": "0.0.2",
      "resolved": "https://npm.pkg.github.com/download/@loupeteam/tmplits-tableselect/0.0.2/ac951cfa1ee7440fbaa6f46ccc26d470951a22af",
      "integrity": "sha512-XRIdXWtDKWQVk+T1EwPiGBbC71A1HS/L/dP3W8D9TLReZbnVrgsgOlAWfUp8zjuVJVHsgMvNgjMWcNGoZevMag==",
      "license": "ISC",
      "dependencies": {
        "@loupeteam/tmplits-globalclasses": "*",
        "@loupeteam/tmplits-utilities": "*"
      }
    },
    "node_modules/@loupeteam/tmplits-text": {
      "version": "0.0.3",
      "resolved": "https://npm.pkg.github.com/download/@loupeteam/tmplits-text/0.0.3/e598a79e56ca33c1d1b344a92f7d5aea221880fe",
      "integrity": "sha512-hX2mWV89c7qKsx9riY+f73pAy9qEn88gtDH3smgXwkHBXuQkP88aHn2KetfvcU4ff3+OxF3yDrMizS0Jr9IRbQ==",
      "license": "ISC",
      "dependencies": {
        "@loupeteam/tmplits-globalclasses": "*",
        "@loupeteam/tmplits-utilities": "*"
      }
    },
    "node_modules/@loupeteam/tmplits-utilities": {
      "version": "0.0.3",
      "resolved": "https://npm.pkg.github.com/download/@loupeteam/tmplits-utilities/0.0.3/e2844f3b652664d60fc3c8783a6a5fcc0ab47ff0",
      "integrity": "sha512-HzIp6FAtNiD0YX6r+PBMjjAURQnYrMnRcPPn8aAZHpGahKjKR/TcV9e93qRp6r3yiBgz6gZotcywNs3+BzOK1Q==",
      "license": "ISC"
    },
    "node_modules/@loupeteam/tmplits-valueupdown": {
      "version": "0.0.2",
      "resolved": "https://npm.pkg.github.com/download/@loupeteam/tmplits-valueupdown/0.0.2/ce8f4af3dd4eda29bbd30779cc9bc2b7bfbab464",
      "integrity": "sha512-41dd4umcKF4IDW88o2/LKT8FskvSR/sUk6v7fzFYuM7cgsmMqT5Px9fQLMf3G1A3gDA0G58v1W9I2EFnlpvq7A==",
      "license": "ISC",
      "dependencies": {
        "@loupeteam/tmplits-globalclasses": "*",
        "@loupeteam/tmplits-utilities": "*"
      }
    },
    "node_modules/handlebars": {
      "version": "4.7.8",
      "resolved": "https://registry.npmjs.org/handlebars/-/handlebars-4.7.8.tgz",
      "integrity": "sha512-vafaFqs8MZkRrSX7sFVUdo3ap/eNiLnb4IakshzvP56X5Nr1iGKAIqdX6tMlm6HcNRIkr6AxO5jFEoJzzpT8aQ==",
      "dependencies": {
        "minimist": "^1.2.5",
        "neo-async": "^2.6.2",
        "source-map": "^0.6.1",
        "wordwrap": "^1.0.0"
      },
      "bin": {
        "handlebars": "bin/handlebars"
      },
      "engines": {
        "node": ">=0.4.7"
      },
      "optionalDependencies": {
        "uglify-js": "^3.1.4"
      }
    },
    "node_modules/jquery": {
      "version": "3.7.1",
      "resolved": "https://registry.npmjs.org/jquery/-/jquery-3.7.1.tgz",
      "integrity": "sha512-m4avr8yL8kmFN8psrbFFFmB/If14iN5o9nw/NgnnM+kybDJpRsAynV2BsfpTYrTRysYUdADVD7CkUUizgkpLfg=="
    },
    "node_modules/minimist": {
      "version": "1.2.8",
      "resolved": "https://registry.npmjs.org/minimist/-/minimist-1.2.8.tgz",
      "integrity": "sha512-2yyAR8qBkN3YuheJanUpWC5U3bb5osDywNB8RzDVlDwDHbocAJveqqj1u8+SVD7jkWT4yvsHCpWqqWqAxb0zCA==",
      "funding": {
        "url": "https://github.com/sponsors/ljharb"
      }
    },
    "node_modules/neo-async": {
      "version": "2.6.2",
      "resolved": "https://registry.npmjs.org/neo-async/-/neo-async-2.6.2.tgz",
      "integrity": "sha512-Yd3UES5mWCSqR+qNT93S3UoYUkqAZ9lLg8a7g9rimsWmYGK8cVToA4/sF3RrshdyV3sAGMXVUmpMYOw+dLpOuw=="
    },
    "node_modules/source-map": {
      "version": "0.6.1",
      "resolved": "https://registry.npmjs.org/source-map/-/source-map-0.6.1.tgz",
      "integrity": "sha512-UjgapumWlbMhkBgzT7Ykc5YXUT46F0iKu8SGXq0bcwP5dz/h0Plj6enJqjz1Zbq2l5WaqYnrVbwWOWMyF3F47g==",
      "engines": {
        "node": ">=0.10.0"
      }
    },
    "node_modules/uglify-js": {
      "version": "3.17.4",
      "resolved": "https://registry.npmjs.org/uglify-js/-/uglify-js-3.17.4.tgz",
      "integrity": "sha512-T9q82TJI9e/C1TAxYvfb16xO120tMVFZrGA3f9/P4424DNu6ypK103y0GPFVa17yotwSyZW5iYXgjYHkGrJW/g==",
      "optional": true,
      "bin": {
        "uglifyjs": "bin/uglifyjs"
      },
      "engines": {
        "node": ">=0.8.0"
      }
    },
    "node_modules/wordwrap": {
      "version": "1.0.0",
      "resolved": "https://registry.npmjs.org/wordwrap/-/wordwrap-1.0.0.tgz",
      "integrity": "sha512-gvVzJFlPycKc5dZN4yPkP8w7Dc37BtP1yczEneOb4uq34pXZcvrtRTmWV8W+Ume+XCxKgbjM+nevkyFPMybd4Q=="
    }
  },
  "dependencies": {
    "@loupeteam/tmplit-basic": {
      "version": "0.0.1",
      "resolved": "https://npm.pkg.github.com/download/@loupeteam/tmplit-basic/0.0.1/30723d397382ed9d0892524ebd5ad51a558240e4",
      "integrity": "sha512-PU7EMVAVyU85b4sB2gwdq1Pcg/0xjF3RzLv1zB2Yw6d8qtRgyAOPENWcZJv7jN4nkXnf1SPvUdFPS//F+XOBMQ==",
      "requires": {
        "@loupeteam/tmplits": "*",
        "@loupeteam/tmplits-button": "*",
        "@loupeteam/tmplits-checkbox": "*",
        "@loupeteam/tmplits-columns": "*",
        "@loupeteam/tmplits-directorybrowser": "*",
        "@loupeteam/tmplits-directorybrowserwindow": "*",
        "@loupeteam/tmplits-dropdowntable": "*",
        "@loupeteam/tmplits-globalclasses": "*",
        "@loupeteam/tmplits-led": "*",
        "@loupeteam/tmplits-multiselect": "*",
        "@loupeteam/tmplits-numeric": "*",
        "@loupeteam/tmplits-pageselect": "*",
        "@loupeteam/tmplits-slider": "*",
        "@loupeteam/tmplits-tableselect": "*",
        "@loupeteam/tmplits-text": "*",
        "@loupeteam/tmplits-utilities": "*",
        "@loupeteam/tmplits-valueupdown": "*"
      }
    },
    "@loupeteam/tmplits": {
      "version": "0.0.9",
      "resolved": "https://npm.pkg.github.com/download/@loupeteam/tmplits/0.0.9/1fe3ff80630ebb3223b646edec3f56efe9974493",
      "integrity": "sha512-mpSUzfNHbcggyp6xJ3oaW0alxlnFV2LN0gGVwRlB1lO4cRmLDc+xnKnv+6Os+8Hqag1AcQsrvpBpUvtZMvXoig==",
      "requires": {
        "handlebars": "*",
        "jquery": "*"
      }
    },
    "@loupeteam/tmplits-button": {
      "version": "0.0.3",
      "resolved": "https://npm.pkg.github.com/download/@loupeteam/tmplits-button/0.0.3/e3c543b70b743fe6afc3aa9e3467465eaeccc648",
      "integrity": "sha512-3xENYXYT4WAnUwR2hcgdWDaKQowM77cGN+ar/scwBlqhNHMr/z+dGFDlH2yyWF8VX7A/amSm3OKrDQ7wJAciww==",
      "requires": {
        "@loupeteam/tmplits-globalclasses": "*",
        "@loupeteam/tmplits-utilities": "*"
      }
    },
    "@loupeteam/tmplits-checkbox": {
      "version": "0.0.3",
      "resolved": "https://npm.pkg.github.com/download/@loupeteam/tmplits-checkbox/0.0.3/9f6220b7e367599e61f19ecd829be88302538ea4",
      "integrity": "sha512-Sv9LMXMFQL3qlIjf9UoCDjlX/ogY4R96tiD3pVbf8f4BYWB+bXkUGmw42I+HaQAlIeVGLW9gn7wMPeVHi/O7/A==",
      "requires": {
        "@loupeteam/tmplits-globalclasses": "*",
        "@loupeteam/tmplits-utilities": "*"
      }
    },
    "@loupeteam/tmplits-columns": {
      "version": "0.0.4",
      "resolved": "https://npm.pkg.github.com/download/@loupeteam/tmplits-columns/0.0.4/f1cc990d980d17eb785c9ab64a50c08369a4204b",
      "integrity": "sha512-VpWKiXyChXRMdhKaJLTG/viK8yPlZfpa2kvzOQMeHmGhomQor8blpS0SB7aGhwflNV1pQQ+cXhXB8szwbEw05A==",
      "requires": {
        "@loupeteam/tmplits-globalclasses": "*",
        "@loupeteam/tmplits-utilities": "*"
      }
    },
    "@loupeteam/tmplits-directorybrowser": {
      "version": "0.0.3",
      "resolved": "https://npm.pkg.github.com/download/@loupeteam/tmplits-directorybrowser/0.0.3/c1b32d152ff43b7b94cdca0227c703d881e409fe",
      "integrity": "sha512-i7wb658/3yWjTAXj65VwbE820YsepbZ8qznrvmx5wfNG5oV6v5/ywcBcpKONoRt8CuI+ORHjB/MhQMs7iFUiDA==",
      "requires": {
        "@loupeteam/tmplits-globalclasses": "*",
        "@loupeteam/tmplits-utilities": "*"
      }
    },
    "@loupeteam/tmplits-directorybrowserwindow": {
      "version": "0.0.3",
      "resolved": "https://npm.pkg.github.com/download/@loupeteam/tmplits-directorybrowserwindow/0.0.3/b3a203ebdb2331e31a59e58a253d110d95eb51aa",
      "integrity": "sha512-NwCBIC0z0OJRlXCm5vNK56klh2WcfrgKZwTcHhmS0GFssHnRhXI/09ct40EtwjgGvk1ajwK2WACG8tU+76mKoQ==",
      "requires": {
        "@loupeteam/tmplits-globalclasses": "*",
        "@loupeteam/tmplits-utilities": "*"
      }
    },
    "@loupeteam/tmplits-dropdowntable": {
      "version": "0.0.3",
      "resolved": "https://npm.pkg.github.com/download/@loupeteam/tmplits-dropdowntable/0.0.3/bbb729491625e9d06af2282ad3fb2f73bfb763fd",
      "integrity": "sha512-8UQbwXCSZFmlZIXYzPeuImQbwgww8kjTAq2iQZg2ehwwuyc2xY9r1XDU8D7b2M7oBGw7LYYWwa9BHQvDD9HpFw==",
      "requires": {
        "@loupeteam/tmplits-globalclasses": "*",
        "@loupeteam/tmplits-utilities": "*"
      }
    },
    "@loupeteam/tmplits-globalclasses": {
      "version": "0.0.4",
      "resolved": "https://npm.pkg.github.com/download/@loupeteam/tmplits-globalclasses/0.0.4/34fbe2c00d386208664c2a2e529a1bb8bbca0876",
      "integrity": "sha512-+q6ctqMgSAj54hpfzHRLIPtt10XkYhne5P5j/IYBvMsyW2Z5x67WXqaETF316B9ucTq1j7o2Wab48kGTXzIZNA=="
    },
    "@loupeteam/tmplits-led": {
      "version": "0.0.2",
      "resolved": "https://npm.pkg.github.com/download/@loupeteam/tmplits-led/0.0.2/1b3051b44dd9dd32e54db652256dbf72e00ca897",
      "integrity": "sha512-rjEX8rNCwdHqqAVnfKNi7EkczoeJMrPS+2XnW05lNt5hWVg/6Pl3fm90fXaGGOdbx/qDUAlrCm8J0Cy7OwjozQ==",
      "requires": {
        "@loupeteam/tmplits-globalclasses": "*",
        "@loupeteam/tmplits-utilities": "*"
      }
    },
    "@loupeteam/tmplits-multiselect": {
      "version": "0.0.2",
      "resolved": "https://npm.pkg.github.com/download/@loupeteam/tmplits-multiselect/0.0.2/8c51e462b6866b5133d5ebd037054d7926155425",
      "integrity": "sha512-BNYHRIhsM4RXevRnd+rfxIG2337myRwyXJNPx1UFaZR6ukUoZQm9+8/3u9TJ/2zeIjS8CI/n6zNYGEcl4gvqCA==",
      "requires": {
        "@loupeteam/tmplits-globalclasses": "*",
        "@loupeteam/tmplits-utilities": "*"
      }
    },
    "@loupeteam/tmplits-numeric": {
      "version": "0.0.4",
      "resolved": "https://npm.pkg.github.com/download/@loupeteam/tmplits-numeric/0.0.4/4d58d0b2ed73d62db3e39b1233848b36226f132d",
      "integrity": "sha512-ZnfnINf7ZxI7ggWQc3TUTb04nAiHd0z0NerDiIf+mL6Xvs5yAXEiU94L9oXRALXusado3gM+lZbojAS50fkE4w==",
      "requires": {
        "@loupeteam/tmplits-globalclasses": "*",
        "@loupeteam/tmplits-utilities": "*"
      }
    },
    "@loupeteam/tmplits-pageselect": {
      "version": "0.0.3",
      "resolved": "https://npm.pkg.github.com/download/@loupeteam/tmplits-pageselect/0.0.3/e3ba8a6ab5948f8b77be8d9fca7be0da616af928",
      "integrity": "sha512-feJwbcc3FUGN9JKJ5MJwVlMZeQXGqwTE57C8Qlq5Wj/Ti5TAqisZI/zbP6+AWpThHESPY+F+KGgjqUOD84PRBw==",
      "requires": {
        "@loupeteam/tmplits-globalclasses": "*",
        "@loupeteam/tmplits-utilities": "*"
      }
    },
    "@loupeteam/tmplits-slider": {
      "version": "0.0.2",
      "resolved": "https://npm.pkg.github.com/download/@loupeteam/tmplits-slider/0.0.2/d0b465780f3f43894d49e9e2cd24468fc09177c4",
      "integrity": "sha512-r8HJE101NAI3VQZgAv60D6Rato5VqIizeULo/p+0czMCTT69mpA3Dj45SyHz84orQqKUMBQfm3IJt8B+sg3s8A==",
      "requires": {
        "@loupeteam/tmplits-globalclasses": "*",
        "@loupeteam/tmplits-utilities": "*"
      }
    },
    "@loupeteam/tmplits-tableselect": {
      "version": "0.0.2",
      "resolved": "https://npm.pkg.github.com/download/@loupeteam/tmplits-tableselect/0.0.2/ac951cfa1ee7440fbaa6f46ccc26d470951a22af",
      "integrity": "sha512-XRIdXWtDKWQVk+T1EwPiGBbC71A1HS/L/dP3W8D9TLReZbnVrgsgOlAWfUp8zjuVJVHsgMvNgjMWcNGoZevMag==",
      "requires": {
        "@loupeteam/tmplits-globalclasses": "*",
        "@loupeteam/tmplits-utilities": "*"
      }
    },
    "@loupeteam/tmplits-text": {
      "version": "0.0.3",
      "resolved": "https://npm.pkg.github.com/download/@loupeteam/tmplits-text/0.0.3/e598a79e56ca33c1d1b344a92f7d5aea221880fe",
      "integrity": "sha512-hX2mWV89c7qKsx9riY+f73pAy9qEn88gtDH3smgXwkHBXuQkP88aHn2KetfvcU4ff3+OxF3yDrMizS0Jr9IRbQ==",
      "requires": {
        "@loupeteam/tmplits-globalclasses": "*",
        "@loupeteam/tmplits-utilities": "*"
      }
    },
    "@loupeteam/tmplits-utilities": {
      "version": "0.0.3",
      "resolved": "https://npm.pkg.github.com/download/@loupeteam/tmplits-utilities/0.0.3/e2844f3b652664d60fc3c8783a6a5fcc0ab47ff0",
      "integrity": "sha512-HzIp6FAtNiD0YX6r+PBMjjAURQnYrMnRcPPn8aAZHpGahKjKR/TcV9e93qRp6r3yiBgz6gZotcywNs3+BzOK1Q=="
    },
    "@loupeteam/tmplits-valueupdown": {
      "version": "0.0.2",
      "resolved": "https://npm.pkg.github.com/download/@loupeteam/tmplits-valueupdown/0.0.2/ce8f4af3dd4eda29bbd30779cc9bc2b7bfbab464",
      "integrity": "sha512-41dd4umcKF4IDW88o2/LKT8FskvSR/sUk6v7fzFYuM7cgsmMqT5Px9fQLMf3G1A3gDA0G58v1W9I2EFnlpvq7A==",
      "requires": {
        "@loupeteam/tmplits-globalclasses": "*",
        "@loupeteam/tmplits-utilities": "*"
      }
    },
    "handlebars": {
      "version": "4.7.8",
      "resolved": "https://registry.npmjs.org/handlebars/-/handlebars-4.7.8.tgz",
      "integrity": "sha512-vafaFqs8MZkRrSX7sFVUdo3ap/eNiLnb4IakshzvP56X5Nr1iGKAIqdX6tMlm6HcNRIkr6AxO5jFEoJzzpT8aQ==",
      "requires": {
        "minimist": "^1.2.5",
        "neo-async": "^2.6.2",
        "source-map": "^0.6.1",
        "uglify-js": "^3.1.4",
        "wordwrap": "^1.0.0"
      }
    },
    "jquery": {
      "version": "3.7.1",
      "resolved": "https://registry.npmjs.org/jquery/-/jquery-3.7.1.tgz",
      "integrity": "sha512-m4avr8yL8kmFN8psrbFFFmB/If14iN5o9nw/NgnnM+kybDJpRsAynV2BsfpTYrTRysYUdADVD7CkUUizgkpLfg=="
    },
    "minimist": {
      "version": "1.2.8",
      "resolved": "https://registry.npmjs.org/minimist/-/minimist-1.2.8.tgz",
      "integrity": "sha512-2yyAR8qBkN3YuheJanUpWC5U3bb5osDywNB8RzDVlDwDHbocAJveqqj1u8+SVD7jkWT4yvsHCpWqqWqAxb0zCA=="
    },
    "neo-async": {
      "version": "2.6.2",
      "resolved": "https://registry.npmjs.org/neo-async/-/neo-async-2.6.2.tgz",
      "integrity": "sha512-Yd3UES5mWCSqR+qNT93S3UoYUkqAZ9lLg8a7g9rimsWmYGK8cVToA4/sF3RrshdyV3sAGMXVUmpMYOw+dLpOuw=="
    },
    "source-map": {
      "version": "0.6.1",
      "resolved": "https://registry.npmjs.org/source-map/-/source-map-0.6.1.tgz",
      "integrity": "sha512-UjgapumWlbMhkBgzT7Ykc5YXUT46F0iKu8SGXq0bcwP5dz/h0Plj6enJqjz1Zbq2l5WaqYnrVbwWOWMyF3F47g=="
    },
    "uglify-js": {
      "version": "3.17.4",
      "resolved": "https://registry.npmjs.org/uglify-js/-/uglify-js-3.17.4.tgz",
      "integrity": "sha512-T9q82TJI9e/C1TAxYvfb16xO120tMVFZrGA3f9/P4424DNu6ypK103y0GPFVa17yotwSyZW5iYXgjYHkGrJW/g==",
      "optional": true
    },
    "wordwrap": {
      "version": "1.0.0",
      "resolved": "https://registry.npmjs.org/wordwrap/-/wordwrap-1.0.0.tgz",
      "integrity": "sha512-gvVzJFlPycKc5dZN4yPkP8w7Dc37BtP1yczEneOb4uq34pXZcvrtRTmWV8W+Ume+XCxKgbjM+nevkyFPMybd4Q=="
    }
  }
}
