{
  "name": "hmi",
  "version": "1.0.0",
  "lockfileVersion": 3,
  "requires": true,
  "packages": {
    "": {
      "name": "hmi",
      "version": "1.0.0",
      "license": "ISC",
      "dependencies": {
        "@loupeteam/widget-template": "*",
        "app": "file:./"
      }
    },
    "node_modules/@loupeteam/webhmi": {
      "version": "1.4.0",
      "resolved": "https://npm.pkg.github.com/download/@loupeteam/webhmi/1.4.0/4b28c142e65757c24ab7dab305e4cf165db3fe43",
      "integrity": "sha512-UT/RZn53UbFOAZwlQ4ko2lA5l45AIHloHirsSLuyhEh5WZm2mL87yHTyIj1Au/LtCs+5VzCmoRKxypzkmhaJhA==",
      "license": "SEE LICENSE IN LICENSE.txt"
    },
    "node_modules/@loupeteam/widget-template": {
      "version": "0.0.24",
      "resolved": "https://npm.pkg.github.com/download/@loupeteam/widget-template/0.0.24/e56ef5bace47a205d66b1b99d8e68d01c99ab3f2",
      "integrity": "sha512-E5bBDWzvhXqfPkZD01/LotZ9yfPrKeubePFX71hJBR8i/TWmUlPutX27oEjvx+L447H4QWHLIEyh+wSfoGkaWQ==",
      "license": "ISC",
      "dependencies": {
        "@loupeteam/webhmi": "*",
        "@loupeteam/widgets": "*",
        "bootstrap": "^3.3.4",
        "handlebars": "*",
        "jquery": "*"
      }
    },
    "node_modules/@loupeteam/widgets": {
      "version": "0.0.19",
      "resolved": "https://npm.pkg.github.com/download/@loupeteam/widgets/0.0.19/184ce2e5c0220d702ca4347c66ab1df57df4eb2c",
      "integrity": "sha512-Al73emHlTXycqtnnBy7YWQ9AjcQQIBVL6nLtBVOZM6CF7ZUSz324g4glOEUpsofx02oyJsAtPF1g5ZdaXob+Og==",
      "license": "SEE LICENSE IN LICENSE.txt",
      "dependencies": {
        "handlebars": "*",
        "jquery": "*"
      }
    },
    "node_modules/app": {
      "resolved": "",
      "link": true
    },
    "node_modules/bootstrap": {
      "version": "3.4.1",
      "resolved": "https://registry.npmjs.org/bootstrap/-/bootstrap-3.4.1.tgz",
      "integrity": "sha512-yN5oZVmRCwe5aKwzRj6736nSmKDX7pLYwsXiCj/EYmo16hODaBiT4En5btW/jhBF/seV+XMx3aYwukYC3A49DA==",
      "engines": {
        "node": ">=6"
      }
    },
    "node_modules/handlebars": {
      "version": "4.7.7",
      "resolved": "https://registry.npmjs.org/handlebars/-/handlebars-4.7.7.tgz",
      "integrity": "sha512-aAcXm5OAfE/8IXkcZvCepKU3VzW1/39Fb5ZuqMtgI/hT8X2YgoMvBY5dLhq/cpOvw7Lk1nK/UF71aLG/ZnVYRA==",
      "dependencies": {
        "minimist": "^1.2.5",
        "neo-async": "^2.6.0",
        "source-map": "^0.6.1",
        "wordwrap": "^1.0.0"
      },
      "bin": {
        "handlebars": "bin/handlebars"
      },
      "engines": {
        "node": ">=0.4.7"
      },
      "optionalDependencies": {
        "uglify-js": "^3.1.4"
      }
    },
    "node_modules/jquery": {
      "version": "3.7.0",
      "resolved": "https://registry.npmjs.org/jquery/-/jquery-3.7.0.tgz",
      "integrity": "sha512-umpJ0/k8X0MvD1ds0P9SfowREz2LenHsQaxSohMZ5OMNEU2r0tf8pdeEFTHMFxWVxKNyU9rTtK3CWzUCTKJUeQ=="
    },
    "node_modules/minimist": {
      "version": "1.2.8",
      "resolved": "https://registry.npmjs.org/minimist/-/minimist-1.2.8.tgz",
      "integrity": "sha512-2yyAR8qBkN3YuheJanUpWC5U3bb5osDywNB8RzDVlDwDHbocAJveqqj1u8+SVD7jkWT4yvsHCpWqqWqAxb0zCA==",
      "funding": {
        "url": "https://github.com/sponsors/ljharb"
      }
    },
    "node_modules/neo-async": {
      "version": "2.6.2",
      "resolved": "https://registry.npmjs.org/neo-async/-/neo-async-2.6.2.tgz",
      "integrity": "sha512-Yd3UES5mWCSqR+qNT93S3UoYUkqAZ9lLg8a7g9rimsWmYGK8cVToA4/sF3RrshdyV3sAGMXVUmpMYOw+dLpOuw=="
    },
    "node_modules/source-map": {
      "version": "0.6.1",
      "resolved": "https://registry.npmjs.org/source-map/-/source-map-0.6.1.tgz",
      "integrity": "sha512-UjgapumWlbMhkBgzT7Ykc5YXUT46F0iKu8SGXq0bcwP5dz/h0Plj6enJqjz1Zbq2l5WaqYnrVbwWOWMyF3F47g==",
      "engines": {
        "node": ">=0.10.0"
      }
    },
    "node_modules/uglify-js": {
      "version": "3.17.4",
      "resolved": "https://registry.npmjs.org/uglify-js/-/uglify-js-3.17.4.tgz",
      "integrity": "sha512-T9q82TJI9e/C1TAxYvfb16xO120tMVFZrGA3f9/P4424DNu6ypK103y0GPFVa17yotwSyZW5iYXgjYHkGrJW/g==",
      "optional": true,
      "bin": {
        "uglifyjs": "bin/uglifyjs"
      },
      "engines": {
        "node": ">=0.8.0"
      }
    },
    "node_modules/wordwrap": {
      "version": "1.0.0",
      "resolved": "https://registry.npmjs.org/wordwrap/-/wordwrap-1.0.0.tgz",
      "integrity": "sha512-gvVzJFlPycKc5dZN4yPkP8w7Dc37BtP1yczEneOb4uq34pXZcvrtRTmWV8W+Ume+XCxKgbjM+nevkyFPMybd4Q=="
    }
  }
}
