{
  "name": "hmi",
  "version": "1.0.0",
  "lockfileVersion": 3,
  "requires": true,
  "packages": {
    "": {
      "name": "hmi",
      "version": "1.0.0",
      "license": "ISC",
      "dependencies": {
        "@loupeteam/loupe-ux": "file:../../src/HMI",
        "@loupeteam/tmplit-basic": "*",
        "@loupeteam/tmplits": "*",
        "app": "file:./",
        "bootstrap": "3.3.4"
      }
    },
    "../../src/HMI": {
      "version": "2.0.0",
      "license": "SEE LICENSE IN LICENSE.txt",
      "devDependencies": {
        "@babel/preset-env": "^7.11.5",
        "@types/jest": "^26.0.13",
        "@types/jquery": "^3.5.1",
        "babel-jest": "^26.3.0",
        "jest": "^26.4.2",
        "jquery": "^3.5.1"
      }
    },
    "node_modules/@loupeteam/loupe-ux": {
      "resolved": "../../src/HMI",
      "link": true
    },
    "node_modules/@loupeteam/tmplit-basic": {
      "version": "0.0.1",
      "resolved": "https://npm.pkg.github.com/download/@loupeteam/tmplit-basic/0.0.1/30723d397382ed9d0892524ebd5ad51a558240e4",
      "integrity": "sha512-PU7EMVAVyU85b4sB2gwdq1Pcg/0xjF3RzLv1zB2Yw6d8qtRgyAOPENWcZJv7jN4nkXnf1SPvUdFPS//F+XOBMQ==",
      "license": "ISC",
      "dependencies": {
        "@loupeteam/tmplits": "*",
        "@loupeteam/tmplits-button": "*",
        "@loupeteam/tmplits-checkbox": "*",
        "@loupeteam/tmplits-columns": "*",
        "@loupeteam/tmplits-directorybrowser": "*",
        "@loupeteam/tmplits-directorybrowserwindow": "*",
        "@loupeteam/tmplits-dropdowntable": "*",
        "@loupeteam/tmplits-globalclasses": "*",
        "@loupeteam/tmplits-led": "*",
        "@loupeteam/tmplits-multiselect": "*",
        "@loupeteam/tmplits-numeric": "*",
        "@loupeteam/tmplits-pageselect": "*",
        "@loupeteam/tmplits-slider": "*",
        "@loupeteam/tmplits-tableselect": "*",
        "@loupeteam/tmplits-text": "*",
        "@loupeteam/tmplits-utilities": "*",
        "@loupeteam/tmplits-valueupdown": "*"
      }
    },
    "node_modules/@loupeteam/tmplits": {
      "version": "0.0.9",
      "resolved": "https://npm.pkg.github.com/download/@loupeteam/tmplits/0.0.9/2481c2c196a2452b6aa3bcf2e738d49d356b679a",
      "integrity": "sha512-Kz1WwvD0ebdxj2KQXNHI6FefHulhZluzgitva3YULoFDB55iy0ba4s/LuH8fdVbwmrPkgg3ljpm5j7rwL+2qEg==",
      "license": "MIT",
      "dependencies": {
        "handlebars": "*",
        "jquery": "*"
      }
    },
    "node_modules/@loupeteam/tmplits-button": {
      "version": "0.0.3",
      "resolved": "https://npm.pkg.github.com/download/@loupeteam/tmplits-button/0.0.3/e3c543b70b743fe6afc3aa9e3467465eaeccc648",
      "integrity": "sha512-3xENYXYT4WAnUwR2hcgdWDaKQowM77cGN+ar/scwBlqhNHMr/z+dGFDlH2yyWF8VX7A/amSm3OKrDQ7wJAciww==",
      "license": "ISC",
      "dependencies": {
        "@loupeteam/tmplits-globalclasses": "*",
        "@loupeteam/tmplits-utilities": "*"
      }
    },
    "node_modules/@loupeteam/tmplits-checkbox": {
      "version": "0.0.3",
      "resolved": "https://npm.pkg.github.com/download/@loupeteam/tmplits-checkbox/0.0.3/9035c4c2e2d4fccc4b8de03c5068cc55ea9a8c1a",
      "integrity": "sha512-aa71tuBv2gjmHVvXIR2gE0459JmpmS45XBVFHvPJWIIcdUoiyINIak/ZKlKPnVX2abyXir9JRoH9yuNFwhVpXw==",
      "license": "MIT",
      "dependencies": {
        "@loupeteam/tmplits-globalclasses": "*",
        "@loupeteam/tmplits-utilities": "*"
      }
    },
    "node_modules/@loupeteam/tmplits-columns": {
      "version": "0.0.4",
      "resolved": "https://npm.pkg.github.com/download/@loupeteam/tmplits-columns/0.0.4/f1cc990d980d17eb785c9ab64a50c08369a4204b",
      "integrity": "sha512-VpWKiXyChXRMdhKaJLTG/viK8yPlZfpa2kvzOQMeHmGhomQor8blpS0SB7aGhwflNV1pQQ+cXhXB8szwbEw05A==",
      "license": "ISC",
      "dependencies": {
        "@loupeteam/tmplits-globalclasses": "*",
        "@loupeteam/tmplits-utilities": "*"
      }
    },
    "node_modules/@loupeteam/tmplits-directorybrowser": {
      "version": "0.0.3",
      "resolved": "https://npm.pkg.github.com/download/@loupeteam/tmplits-directorybrowser/0.0.3/fb0b809ddfd112e6c8becbd7be158f3bc390c3c4",
      "integrity": "sha512-TZTDxz0ueRjHVjUwfUwWjdfULzTksBGzg805i+MdqWAnNf41s3XWLB+LKeKmtTQcOxeFjVb1bbmPx1Xxnxc1Hg==",
      "license": "MIT",
      "dependencies": {
        "@loupeteam/tmplits-globalclasses": "*",
        "@loupeteam/tmplits-utilities": "*"
      }
    },
    "node_modules/@loupeteam/tmplits-directorybrowserwindow": {
      "version": "0.0.3",
      "resolved": "https://npm.pkg.github.com/download/@loupeteam/tmplits-directorybrowserwindow/0.0.3/750713389fd3cc019eb48c07eee4ed8ca0fe7318",
      "integrity": "sha512-pJ8NATlAosFRbgwo2ljITkfjhOxq7aNpQ0YD0nY63Z2DkahCKIVF3ETVGcJUjzHZVm9n1i2Ec5CpCBGcS5sucA==",
      "license": "MIT",
      "dependencies": {
        "@loupeteam/tmplits-globalclasses": "*",
        "@loupeteam/tmplits-utilities": "*"
      }
    },
    "node_modules/@loupeteam/tmplits-dropdowntable": {
      "version": "0.0.3",
      "resolved": "https://npm.pkg.github.com/download/@loupeteam/tmplits-dropdowntable/0.0.3/7194350a67bd146973f5e22d144496bcf152b3ea",
      "integrity": "sha512-Gj0Cf6lKTXlY3qHZLf5M0LPnLKWiw4kc3uFTOS8QtI1oDzn2lVCYFjZIpbif/GRowbHoZVSSyviZU4sSiT4/hA==",
      "license": "MIT",
      "dependencies": {
        "@loupeteam/tmplits-globalclasses": "*",
        "@loupeteam/tmplits-utilities": "*"
      }
    },
    "node_modules/@loupeteam/tmplits-globalclasses": {
      "version": "0.0.5",
      "resolved": "https://npm.pkg.github.com/download/@loupeteam/tmplits-globalclasses/0.0.5/6dd4d6dbb944289c1784fd56009439871a413e4d",
      "integrity": "sha512-1abW4XvfbNtCoF37AKz7H/koSohp6xBFTf3cYA0SyidWQ1hiGISgoPup1Y4dGw1yk2NqSo/k2lR6SZlP7Gwdbg==",
      "license": "MIT"
    },
    "node_modules/@loupeteam/tmplits-led": {
      "version": "0.0.2",
      "resolved": "https://npm.pkg.github.com/download/@loupeteam/tmplits-led/0.0.2/7aa82ae11fbdc3465245fbe6ab1c8b7778313825",
      "integrity": "sha512-gCId65RBKh43/JUEQW2r9TCWUjyb6RuEZl7fA4+pFLh6pkRpzZStUO1fE1Vbgp42qKo6cEAnP/ykXh/NS3yTEg==",
      "license": "MIT",
      "dependencies": {
        "@loupeteam/tmplits-globalclasses": "*",
        "@loupeteam/tmplits-utilities": "*"
      }
    },
    "node_modules/@loupeteam/tmplits-multiselect": {
      "version": "0.0.2",
      "resolved": "https://npm.pkg.github.com/download/@loupeteam/tmplits-multiselect/0.0.2/fb62388d1860605478d2f97c0c4fb190dad28f97",
      "integrity": "sha512-4psag6nczCradNk0oSzp34picWZegq88SBxuzxvs5c2hp0MDycEXEHRcfCQDm4eszCEuqqgQEuBHwRLw9PZA/w==",
      "license": "MIT",
      "dependencies": {
        "@loupeteam/tmplits-globalclasses": "*",
        "@loupeteam/tmplits-utilities": "*"
      }
    },
    "node_modules/@loupeteam/tmplits-numeric": {
      "version": "0.0.4",
      "resolved": "https://npm.pkg.github.com/download/@loupeteam/tmplits-numeric/0.0.4/77efdc0253ab2c190a8662c95826f00807939d5f",
      "integrity": "sha512-qGqdz/nXm8EaRtE63igoM0UYoZPzlymfPk4Wm4OsbsfYkkfbJU235EdPRjySaluxl3wBXNHEVrcnCW4llnuu+g==",
      "license": "MIT",
      "dependencies": {
        "@loupeteam/tmplits-globalclasses": "*",
        "@loupeteam/tmplits-utilities": "*"
      }
    },
    "node_modules/@loupeteam/tmplits-pageselect": {
      "version": "0.0.4",
      "resolved": "https://npm.pkg.github.com/download/@loupeteam/tmplits-pageselect/0.0.4/fb71ad33dd82f54417db6123aa5453b2dddeece2",
      "integrity": "sha512-dxW7yPT0vngS7ngzhFKL8MZHewS66LKrEE/d3Qn3wC1ov3gERn3KzHx08mSWLvVppk//hpUs0PLeP7Z6D6Ld4Q==",
      "license": "MIT",
      "dependencies": {
        "@loupeteam/tmplits-globalclasses": "*",
        "@loupeteam/tmplits-utilities": "*"
      }
    },
    "node_modules/@loupeteam/tmplits-slider": {
      "version": "0.0.2",
      "resolved": "https://npm.pkg.github.com/download/@loupeteam/tmplits-slider/0.0.2/4fb518e795d0a0399ec82c826d3a0b26105a5ea4",
      "integrity": "sha512-d/ROVuDpntv5C2DBoTwUFw4kBR+slxmgwvLMA6xqGEnS+sFErTQcgdPWcrYXQ+X1rnSAZV3cRLoruaW1b54V+Q==",
      "license": "MIT",
      "dependencies": {
        "@loupeteam/tmplits-globalclasses": "*",
        "@loupeteam/tmplits-utilities": "*"
      }
    },
    "node_modules/@loupeteam/tmplits-tableselect": {
      "version": "0.0.2",
      "resolved": "https://npm.pkg.github.com/download/@loupeteam/tmplits-tableselect/0.0.2/c2208dc2302a44589c236cffa3716e6e0eff0988",
      "integrity": "sha512-9JImi4WLgp1fvwY1PMRKFuIuGRv2ZCsDuHdf++S0pT4y8PCpQw9t1LhlUjgXByq0NaxgAI9I08EiNBNpwQjM3A==",
      "license": "MIT",
      "dependencies": {
        "@loupeteam/tmplits-globalclasses": "*",
        "@loupeteam/tmplits-utilities": "*"
      }
    },
    "node_modules/@loupeteam/tmplits-text": {
      "version": "0.0.3",
      "resolved": "https://npm.pkg.github.com/download/@loupeteam/tmplits-text/0.0.3/40e4dcdf712440828c4fbea9a0ac8a5ef365b08a",
      "integrity": "sha512-vA78fuXQxLex9W6Hnh/WI+AxAGcK0Hqk/6kHo949albH2hj3/gfLWYUFDQ8hXNm0AbNKHPVhlA5A9nC45EbDUg==",
      "license": "MIT",
      "dependencies": {
        "@loupeteam/tmplits-globalclasses": "*",
        "@loupeteam/tmplits-utilities": "*"
      }
    },
    "node_modules/@loupeteam/tmplits-utilities": {
      "version": "0.0.4",
      "resolved": "https://npm.pkg.github.com/download/@loupeteam/tmplits-utilities/0.0.4/ac06d97b5c5576c3f0731fd6146050a42a9e0421",
      "integrity": "sha512-epkG272h8dPGp1q+LslROR72UIAh3g+M2ReZ+AdydGjrGU44MJW/w+0WQHTwKNPv2Ix51iwF4AUiS+L0XEJKug==",
      "license": "MIT"
    },
    "node_modules/@loupeteam/tmplits-valueupdown": {
      "version": "0.0.2",
      "resolved": "https://npm.pkg.github.com/download/@loupeteam/tmplits-valueupdown/0.0.2/fe844d4b5adc0b8a89843a0cc86f08054a1a4729",
      "integrity": "sha512-FAeeS36xCQlKkmPqmHLdRBZb4tDeACPwouJ0vprycWnkPpR/qAIv38Ti2uOiZcRMunifPWGwjqvzozV/Ttk3jA==",
      "license": "MIT",
      "dependencies": {
        "@loupeteam/tmplits-globalclasses": "*",
        "@loupeteam/tmplits-utilities": "*"
      }
    },
    "node_modules/app": {
      "resolved": "",
      "link": true
    },
    "node_modules/bootstrap": {
      "version": "3.3.4",
      "resolved": "https://registry.npmjs.org/bootstrap/-/bootstrap-3.3.4.tgz",
      "integrity": "sha512-tfnBKZoAnTXbBCvpzfF6gsDDdTdNbSbsEYnZ8mi+MOVg8Cgb1bfM9GRvIJdgN9aMRbTlqNzp0EJNJ5B2X6iwzg==",
      "engines": {
        "node": ">=0.10.1"
      }
    },
    "node_modules/handlebars": {
      "version": "4.7.8",
      "resolved": "https://registry.npmjs.org/handlebars/-/handlebars-4.7.8.tgz",
      "integrity": "sha512-vafaFqs8MZkRrSX7sFVUdo3ap/eNiLnb4IakshzvP56X5Nr1iGKAIqdX6tMlm6HcNRIkr6AxO5jFEoJzzpT8aQ==",
      "dependencies": {
        "minimist": "^1.2.5",
        "neo-async": "^2.6.2",
        "source-map": "^0.6.1",
        "wordwrap": "^1.0.0"
      },
      "bin": {
        "handlebars": "bin/handlebars"
      },
      "engines": {
        "node": ">=0.4.7"
      },
      "optionalDependencies": {
        "uglify-js": "^3.1.4"
      }
    },
    "node_modules/jquery": {
      "version": "3.7.1",
      "resolved": "https://registry.npmjs.org/jquery/-/jquery-3.7.1.tgz",
      "integrity": "sha512-m4avr8yL8kmFN8psrbFFFmB/If14iN5o9nw/NgnnM+kybDJpRsAynV2BsfpTYrTRysYUdADVD7CkUUizgkpLfg=="
    },
    "node_modules/minimist": {
      "version": "1.2.8",
      "resolved": "https://registry.npmjs.org/minimist/-/minimist-1.2.8.tgz",
      "integrity": "sha512-2yyAR8qBkN3YuheJanUpWC5U3bb5osDywNB8RzDVlDwDHbocAJveqqj1u8+SVD7jkWT4yvsHCpWqqWqAxb0zCA==",
      "funding": {
        "url": "https://github.com/sponsors/ljharb"
      }
    },
    "node_modules/neo-async": {
      "version": "2.6.2",
      "resolved": "https://registry.npmjs.org/neo-async/-/neo-async-2.6.2.tgz",
      "integrity": "sha512-Yd3UES5mWCSqR+qNT93S3UoYUkqAZ9lLg8a7g9rimsWmYGK8cVToA4/sF3RrshdyV3sAGMXVUmpMYOw+dLpOuw=="
    },
    "node_modules/source-map": {
      "version": "0.6.1",
      "resolved": "https://registry.npmjs.org/source-map/-/source-map-0.6.1.tgz",
      "integrity": "sha512-UjgapumWlbMhkBgzT7Ykc5YXUT46F0iKu8SGXq0bcwP5dz/h0Plj6enJqjz1Zbq2l5WaqYnrVbwWOWMyF3F47g==",
      "engines": {
        "node": ">=0.10.0"
      }
    },
    "node_modules/uglify-js": {
      "version": "3.17.4",
      "resolved": "https://registry.npmjs.org/uglify-js/-/uglify-js-3.17.4.tgz",
      "integrity": "sha512-T9q82TJI9e/C1TAxYvfb16xO120tMVFZrGA3f9/P4424DNu6ypK103y0GPFVa17yotwSyZW5iYXgjYHkGrJW/g==",
      "optional": true,
      "bin": {
        "uglifyjs": "bin/uglifyjs"
      },
      "engines": {
        "node": ">=0.8.0"
      }
    },
    "node_modules/wordwrap": {
      "version": "1.0.0",
      "resolved": "https://registry.npmjs.org/wordwrap/-/wordwrap-1.0.0.tgz",
      "integrity": "sha512-gvVzJFlPycKc5dZN4yPkP8w7Dc37BtP1yczEneOb4uq34pXZcvrtRTmWV8W+Ume+XCxKgbjM+nevkyFPMybd4Q=="
    }
  }
}
