{
  "name": "asproject",
  "version": "1.0.0",
  "lockfileVersion": 3,
  "requires": true,
  "packages": {
    "": {
      "name": "asproject",
      "version": "1.0.0",
      "license": "ISC",
      "dependencies": {
        "@loupeteam/starterasproject49": "^0.1.0"
      }
    },
    "node_modules/@loupeteam/starterasproject49": {
      "version": "0.1.0",
      "resolved": "https://npm.pkg.github.com/download/@loupeteam/starterasproject49/0.1.0/21f8d8c76e2ebba603374d1f49497d34f1760252",
      "integrity": "sha512-vLb1HTrLpC/qeLp2mS9WPVLSQmypMSnPM2USnBgZdD7SHRZhuWUlL+HVxd8jUt0dbJFCfgAHZFmHDPUqAZ0HkQ==",
      "license": "Loupe Software License Agreement"
    }
  }
}
