{
  "name": "asproject",
  "version": "1.0.0",
  "lockfileVersion": 2,
  "requires": true,
  "packages": {
    "": {
      "name": "asproject",
      "version": "1.0.0",
      "license": "ISC",
      "dependencies": {
        "@loupeteam/csvfilelib": "^1.2.2",
        "@loupeteam/errorlib": "^0.23.3",
        "@loupeteam/omjson": "^1.4.0",
        "@loupeteam/persist": "^0.0.7"
      }
    },
    "node_modules/@loupeteam/csvfilelib": {
      "version": "1.2.2",
      "resolved": "https://npm.pkg.github.com/download/@loupeteam/csvfilelib/1.2.2/048f0eddaea148af7ba646067e207c0588617a15",
      "integrity": "sha512-Vs8a/3Y0P8uJM4gI3gz7SbFJwJrM4RcJru4H21IPPPAye5lbEkGYf7eTpR1/rAVzvSRFjqB7hI7f79FaET/3KA==",
      "license": "MIT",
      "dependencies": {
        "@loupeteam/fiowrap": ">=0.9.0 <=0.9.9",
        "@loupeteam/hmitools": ">=0.11.3 <=0.11.9",
        "@loupeteam/logthat": ">=0.5.0 <=0.5.9",
        "@loupeteam/stringext": ">=0.14.1 <=0.14.9"
      }
    },
    "node_modules/@loupeteam/databuffer": {
      "version": "0.1.1",
      "resolved": "https://npm.pkg.github.com/download/@loupeteam/databuffer/0.1.1/8d40808bb2de89899da090259e12f2ea1ff818bb",
      "integrity": "sha512-xn6HlzBXW0jRgXeRJx66rT154OPomvfGhsFtLsQqV4oPpWURZ4WPoM1uOf7tgmVzfZk4CSpsh16whowVBpJDQg==",
      "license": "MIT"
    },
    "node_modules/@loupeteam/errorlib": {
      "version": "0.23.3",
      "resolved": "https://npm.pkg.github.com/download/@loupeteam/errorlib/0.23.3/348c201feb000eafabee5d3ced4163e9de6a8d01",
      "integrity": "sha512-VwXSN7syWemO44yzq4a0UzpvTaAkwCKLY5nstzoOu5BzzFLndbz5mu0kbKJMFLX65r/hh5mw5PU+0MUwIZyp8Q==",
      "license": "MIT",
      "dependencies": {
        "@loupeteam/hmitools": ">=0.11.4 <=0.11.9",
        "@loupeteam/logthat": ">=0.5.0 <=0.5.9",
        "@loupeteam/stringext": ">=0.14.1 <=0.14.9"
      }
    },
    "node_modules/@loupeteam/fiowrap": {
      "version": "0.9.1",
      "resolved": "https://npm.pkg.github.com/download/@loupeteam/fiowrap/0.9.1/f299ddc5721948a99321c6391fd3f4c147987d31",
      "integrity": "sha512-1u4+YdCr41Xa1OOauiyav8Gq71Q1U5caPNImYwhVW01Tx7LG8a+zG1sKLXeLfbKxAfL/aHTPqEJSCNtB94Rq+w==",
      "license": "MIT",
      "dependencies": {
        "@loupeteam/stringext": ">=0.11.0"
      }
    },
    "node_modules/@loupeteam/hmitools": {
      "version": "0.11.4",
      "resolved": "https://npm.pkg.github.com/download/@loupeteam/hmitools/0.11.4/eb55cbcdcc1ce97d09d3b83a0c51e4cd33a8d61b",
      "integrity": "sha512-Q+vewN4fVCR6063wTEZBiH681udEALVa2Rzfrh9YmdB47opqo/m3U8Lqid5sP+WNmB+/0fCUylPRuf5F5edJMw==",
      "license": "MIT",
      "dependencies": {
        "@loupeteam/ringbuflib": ">=0.2.0",
        "@loupeteam/stringext": ">=0.4.0"
      }
    },
    "node_modules/@loupeteam/logthat": {
      "version": "0.5.1",
      "resolved": "https://npm.pkg.github.com/download/@loupeteam/logthat/0.5.1/728712ec79fff3ca14613f7b900f501a920b2871",
      "integrity": "sha512-DvZR0Q/dU+RVR9ASV4xPJY2XIUG6fuf3brlyjndRK1MxVzl+ksBHm0QZJufDlYW9yejnT3cLoE6X9R3a+Cm+vg==",
      "license": "MIT",
      "dependencies": {
        "@loupeteam/stringext": ">=0.14.1"
      }
    },
    "node_modules/@loupeteam/omjson": {
      "version": "1.4.0",
      "resolved": "https://npm.pkg.github.com/download/@loupeteam/omjson/1.4.0/2339467c1367b8367f024895e1851b3c454d7954",
      "integrity": "sha512-FOX31TT/XReHrv6A7im9wg+k1ya8uAxj6x9ukmreQ+y0R6N7ZOv7b7n7wy72Nc/Jmkn6cQNTOOqD2AOBIQVCtw==",
      "license": "MIT",
      "dependencies": {
        "@loupeteam/databuffer": ">=0.1.0 <=0.1.9",
        "@loupeteam/stringext": ">=0.14.0 <=0.14.9",
        "@loupeteam/tcpcomm": ">=0.10.0 <=0.10.9",
        "@loupeteam/vartools": ">=0.9.1 <=0.11.9",
        "@loupeteam/websocket": "*"
      }
    },
    "node_modules/@loupeteam/persist": {
      "version": "0.0.7",
      "resolved": "https://npm.pkg.github.com/download/@loupeteam/persist/0.0.7/1024ef80ca6dd324ed87044feff23d38412b108b",
      "integrity": "sha512-fEDGXIRWcxYsXdUjrNAmT9FXeixV2+DsBbozLthVJ0jzBBzgJssGwUTEjG0UPpCQf0nj6PbtBGsWTHBvEQA0tQ==",
      "license": "MIT"
    },
    "node_modules/@loupeteam/ringbuflib": {
      "version": "0.2.4",
      "resolved": "https://npm.pkg.github.com/download/@loupeteam/ringbuflib/0.2.4/f42f953e137103bbed3d088c97bbd3bd0dcb064e",
      "integrity": "sha512-UWnY3vSgOIIyNoDQMpo0eAuw9P0dAt35O0UdNB6tNXIeLr8ytzI3vbHAjiaSUYoecLkNl4lbhyVHNGXoivlz8Q==",
      "license": "MIT"
    },
    "node_modules/@loupeteam/stringext": {
      "version": "0.14.4",
      "resolved": "https://npm.pkg.github.com/download/@loupeteam/stringext/0.14.4/9d7c965dd094afeaf89b9f48c9b882ce798890dc",
      "integrity": "sha512-xYNj2b+SUxIgM5ZvB+BgDL+cqWkaKHAN65GbyNCd1B/SExiqUDO/VMa77/Sk2XlIZdzXj5mXxjwU/zjY97WsMg==",
      "license": "MIT"
    },
    "node_modules/@loupeteam/tcpcomm": {
      "version": "0.10.0",
      "resolved": "https://npm.pkg.github.com/download/@loupeteam/tcpcomm/0.10.0/38e4ab8cba58b7463701059bde22d905dddd19e4",
      "integrity": "sha512-jhao/10Zyv8nSNpdd5AoghApqj7b8GP8sXjfpS0CL6xXMFOoUR9cUfjxAFd85hce0GaEnIN7h7HN1e3FFiCoJQ==",
      "license": "MIT"
    },
    "node_modules/@loupeteam/vartools": {
      "version": "0.11.3",
      "resolved": "https://npm.pkg.github.com/download/@loupeteam/vartools/0.11.3/edf84e21e928d1bef4bafea2ccbf31d560790b92",
      "integrity": "sha512-ZKSvCPCGDXw/Qki/vo7I9SZJqwXpUF4HjypwpDwRZCDgiY0gt5aNsFj1Rm6uWqgSn4FJ+njhWXfF9QHyR98Rsg==",
      "license": "MIT",
      "dependencies": {
        "@loupeteam/stringext": ">=0.14.0 <=0.14.9"
      }
    },
    "node_modules/@loupeteam/websocket": {
      "version": "0.2.0",
      "resolved": "https://npm.pkg.github.com/download/@loupeteam/websocket/0.2.0/ba146a2dc926be9687f21d6d95392cff04ac01ef",
      "integrity": "sha512-eKmrsdfOfu35mSgiXZU94o+A++knsjrBslJwr8S4WxS2yZ+NYVK3OONp2dLlc2k5A9016FDJNStB4F94UxtRLw==",
      "license": "MIT",
      "dependencies": {
        "@loupeteam/stringext": ">=0.14.0 <=0.14.9",
        "@loupeteam/tcpcomm": ">=0.10.0 <=0.10.9"
      }
    }
  },
  "dependencies": {
    "@loupeteam/csvfilelib": {
      "version": "1.2.2",
      "resolved": "https://npm.pkg.github.com/download/@loupeteam/csvfilelib/1.2.2/048f0eddaea148af7ba646067e207c0588617a15",
      "integrity": "sha512-Vs8a/3Y0P8uJM4gI3gz7SbFJwJrM4RcJru4H21IPPPAye5lbEkGYf7eTpR1/rAVzvSRFjqB7hI7f79FaET/3KA==",
      "requires": {
        "@loupeteam/fiowrap": ">=0.9.0 <=0.9.9",
        "@loupeteam/hmitools": ">=0.11.3 <=0.11.9",
        "@loupeteam/logthat": ">=0.5.0 <=0.5.9",
        "@loupeteam/stringext": ">=0.14.1 <=0.14.9"
      }
    },
    "@loupeteam/databuffer": {
      "version": "0.1.1",
      "resolved": "https://npm.pkg.github.com/download/@loupeteam/databuffer/0.1.1/8d40808bb2de89899da090259e12f2ea1ff818bb",
      "integrity": "sha512-xn6HlzBXW0jRgXeRJx66rT154OPomvfGhsFtLsQqV4oPpWURZ4WPoM1uOf7tgmVzfZk4CSpsh16whowVBpJDQg=="
    },
    "@loupeteam/errorlib": {
      "version": "0.23.3",
      "resolved": "https://npm.pkg.github.com/download/@loupeteam/errorlib/0.23.3/348c201feb000eafabee5d3ced4163e9de6a8d01",
      "integrity": "sha512-VwXSN7syWemO44yzq4a0UzpvTaAkwCKLY5nstzoOu5BzzFLndbz5mu0kbKJMFLX65r/hh5mw5PU+0MUwIZyp8Q==",
      "requires": {
        "@loupeteam/hmitools": ">=0.11.4 <=0.11.9",
        "@loupeteam/logthat": ">=0.5.0 <=0.5.9",
        "@loupeteam/stringext": ">=0.14.1 <=0.14.9"
      }
    },
    "@loupeteam/fiowrap": {
      "version": "0.9.1",
      "resolved": "https://npm.pkg.github.com/download/@loupeteam/fiowrap/0.9.1/f299ddc5721948a99321c6391fd3f4c147987d31",
      "integrity": "sha512-1u4+YdCr41Xa1OOauiyav8Gq71Q1U5caPNImYwhVW01Tx7LG8a+zG1sKLXeLfbKxAfL/aHTPqEJSCNtB94Rq+w==",
      "requires": {
        "@loupeteam/stringext": ">=0.11.0"
      }
    },
    "@loupeteam/hmitools": {
      "version": "0.11.4",
      "resolved": "https://npm.pkg.github.com/download/@loupeteam/hmitools/0.11.4/eb55cbcdcc1ce97d09d3b83a0c51e4cd33a8d61b",
      "integrity": "sha512-Q+vewN4fVCR6063wTEZBiH681udEALVa2Rzfrh9YmdB47opqo/m3U8Lqid5sP+WNmB+/0fCUylPRuf5F5edJMw==",
      "requires": {
        "@loupeteam/ringbuflib": ">=0.2.0",
        "@loupeteam/stringext": ">=0.4.0"
      }
    },
    "@loupeteam/logthat": {
      "version": "0.5.1",
      "resolved": "https://npm.pkg.github.com/download/@loupeteam/logthat/0.5.1/728712ec79fff3ca14613f7b900f501a920b2871",
      "integrity": "sha512-DvZR0Q/dU+RVR9ASV4xPJY2XIUG6fuf3brlyjndRK1MxVzl+ksBHm0QZJufDlYW9yejnT3cLoE6X9R3a+Cm+vg==",
      "requires": {
        "@loupeteam/stringext": ">=0.14.1"
      }
    },
    "@loupeteam/omjson": {
      "version": "1.4.0",
      "resolved": "https://npm.pkg.github.com/download/@loupeteam/omjson/1.4.0/2339467c1367b8367f024895e1851b3c454d7954",
      "integrity": "sha512-FOX31TT/XReHrv6A7im9wg+k1ya8uAxj6x9ukmreQ+y0R6N7ZOv7b7n7wy72Nc/Jmkn6cQNTOOqD2AOBIQVCtw==",
      "requires": {
        "@loupeteam/databuffer": ">=0.1.0 <=0.1.9",
        "@loupeteam/stringext": ">=0.14.0 <=0.14.9",
        "@loupeteam/tcpcomm": ">=0.10.0 <=0.10.9",
        "@loupeteam/vartools": ">=0.9.1 <=0.11.9",
        "@loupeteam/websocket": "*"
      }
    },
    "@loupeteam/persist": {
      "version": "0.0.7",
      "resolved": "https://npm.pkg.github.com/download/@loupeteam/persist/0.0.7/1024ef80ca6dd324ed87044feff23d38412b108b",
      "integrity": "sha512-fEDGXIRWcxYsXdUjrNAmT9FXeixV2+DsBbozLthVJ0jzBBzgJssGwUTEjG0UPpCQf0nj6PbtBGsWTHBvEQA0tQ=="
    },
    "@loupeteam/ringbuflib": {
      "version": "0.2.4",
      "resolved": "https://npm.pkg.github.com/download/@loupeteam/ringbuflib/0.2.4/f42f953e137103bbed3d088c97bbd3bd0dcb064e",
      "integrity": "sha512-UWnY3vSgOIIyNoDQMpo0eAuw9P0dAt35O0UdNB6tNXIeLr8ytzI3vbHAjiaSUYoecLkNl4lbhyVHNGXoivlz8Q=="
    },
    "@loupeteam/stringext": {
      "version": "0.14.4",
      "resolved": "https://npm.pkg.github.com/download/@loupeteam/stringext/0.14.4/9d7c965dd094afeaf89b9f48c9b882ce798890dc",
      "integrity": "sha512-xYNj2b+SUxIgM5ZvB+BgDL+cqWkaKHAN65GbyNCd1B/SExiqUDO/VMa77/Sk2XlIZdzXj5mXxjwU/zjY97WsMg=="
    },
    "@loupeteam/tcpcomm": {
      "version": "0.10.0",
      "resolved": "https://npm.pkg.github.com/download/@loupeteam/tcpcomm/0.10.0/38e4ab8cba58b7463701059bde22d905dddd19e4",
      "integrity": "sha512-jhao/10Zyv8nSNpdd5AoghApqj7b8GP8sXjfpS0CL6xXMFOoUR9cUfjxAFd85hce0GaEnIN7h7HN1e3FFiCoJQ=="
    },
    "@loupeteam/vartools": {
      "version": "0.11.3",
      "resolved": "https://npm.pkg.github.com/download/@loupeteam/vartools/0.11.3/edf84e21e928d1bef4bafea2ccbf31d560790b92",
      "integrity": "sha512-ZKSvCPCGDXw/Qki/vo7I9SZJqwXpUF4HjypwpDwRZCDgiY0gt5aNsFj1Rm6uWqgSn4FJ+njhWXfF9QHyR98Rsg==",
      "requires": {
        "@loupeteam/stringext": ">=0.14.0 <=0.14.9"
      }
    },
    "@loupeteam/websocket": {
      "version": "0.2.0",
      "resolved": "https://npm.pkg.github.com/download/@loupeteam/websocket/0.2.0/ba146a2dc926be9687f21d6d95392cff04ac01ef",
      "integrity": "sha512-eKmrsdfOfu35mSgiXZU94o+A++knsjrBslJwr8S4WxS2yZ+NYVK3OONp2dLlc2k5A9016FDJNStB4F94UxtRLw==",
      "requires": {
        "@loupeteam/stringext": ">=0.14.0 <=0.14.9",
        "@loupeteam/tcpcomm": ">=0.10.0 <=0.10.9"
      }
    }
  }
}
